
Microsoft Visual Studio Solution File, Format Version 12.00
# Visual Studio Version 16
VisualStudioVersion = 16.0.31205.134
MinimumVisualStudioVersion = 10.0.40219.1
Project("{FAE04EC0-301F-11D3-BF4B-00C04F79EFBC}") = "Cheney_LinkedList", "Cheney_LinkedList\Cheney_LinkedList.csproj", "{10E4F6B4-C0BB-4E5B-B8F6-62DB41D49F69}"
EndProject
Global
	GlobalSection(SolutionConfigurationPlatforms) = preSolution
		Debug|Any CPU = Debug|Any CPU
		Release|Any CPU = Release|Any CPU
	EndGlobalSection
	GlobalSection(ProjectConfigurationPlatforms) = postSolution
		{10E4F6B4-C0BB-4E5B-B8F6-62DB41D49F69}.Debug|Any CPU.ActiveCfg = Debug|Any CPU
		{10E4F6B4-C0BB-4E5B-B8F6-62DB41D49F69}.Debug|Any CPU.Build.0 = Debug|Any CPU
		{10E4F6B4-C0BB-4E5B-B8F6-62DB41D49F69}.Release|Any CPU.ActiveCfg = Release|Any CPU
		{10E4F6B4-C0BB-4E5B-B8F6-62DB41D49F69}.Release|Any CPU.Build.0 = Release|Any CPU
	EndGlobalSection
	GlobalSection(SolutionProperties) = preSolution
		HideSolutionNode = FALSE
	EndGlobalSection
	GlobalSection(ExtensibilityGlobals) = postSolution
		SolutionGuid = {BF690EF2-07E8-4BFA-A108-3F8B73502993}
	EndGlobalSection
EndGlobal
